
Microsoft Visual Studio Solution File, Format Version 12.00
# Visual Studio Version 17
VisualStudioVersion = 17.8.34525.116
MinimumVisualStudioVersion = 10.0.40219.1
Project("{FAE04EC0-301F-11D3-BF4B-00C04F79EFBC}") = "oldASPNET", "oldASPNET\oldASPNET.csproj", "{E0475769-FDE2-4DF2-9830-218E72E490CC}"
EndProject
Global
	GlobalSection(SolutionConfigurationPlatforms) = preSolution
		Debug|Any CPU = Debug|Any CPU
		Release|Any CPU = Release|Any CPU
	EndGlobalSection
	GlobalSection(ProjectConfigurationPlatforms) = postSolution
		{E0475769-FDE2-4DF2-9830-218E72E490CC}.Debug|Any CPU.ActiveCfg = Debug|Any CPU
		{E0475769-FDE2-4DF2-9830-218E72E490CC}.Debug|Any CPU.Build.0 = Debug|Any CPU
		{E0475769-FDE2-4DF2-9830-218E72E490CC}.Release|Any CPU.ActiveCfg = Release|Any CPU
		{E0475769-FDE2-4DF2-9830-218E72E490CC}.Release|Any CPU.Build.0 = Release|Any CPU
	EndGlobalSection
	GlobalSection(SolutionProperties) = preSolution
		HideSolutionNode = FALSE
	EndGlobalSection
	GlobalSection(ExtensibilityGlobals) = postSolution
		SolutionGuid = {6D4A77A9-FCC4-44FD-AF6D-523E98B1B70C}
	EndGlobalSection
EndGlobal
