
Microsoft Visual Studio Solution File, Format Version 12.00
# Visual Studio Version 17
VisualStudioVersion = 17.8.34525.116
MinimumVisualStudioVersion = 10.0.40219.1
Project("{FAE04EC0-301F-11D3-BF4B-00C04F79EFBC}") = "WhatsNewInASPNETSix", "WhatsNewInASPNETSix\WhatsNewInASPNETSix.csproj", "{A0F0EE4A-6A29-406E-83A5-7DF72F6026E8}"
EndProject
Global
	GlobalSection(SolutionConfigurationPlatforms) = preSolution
		Debug|Any CPU = Debug|Any CPU
		Release|Any CPU = Release|Any CPU
	EndGlobalSection
	GlobalSection(ProjectConfigurationPlatforms) = postSolution
		{A0F0EE4A-6A29-406E-83A5-7DF72F6026E8}.Debug|Any CPU.ActiveCfg = Debug|Any CPU
		{A0F0EE4A-6A29-406E-83A5-7DF72F6026E8}.Debug|Any CPU.Build.0 = Debug|Any CPU
		{A0F0EE4A-6A29-406E-83A5-7DF72F6026E8}.Release|Any CPU.ActiveCfg = Release|Any CPU
		{A0F0EE4A-6A29-406E-83A5-7DF72F6026E8}.Release|Any CPU.Build.0 = Release|Any CPU
	EndGlobalSection
	GlobalSection(SolutionProperties) = preSolution
		HideSolutionNode = FALSE
	EndGlobalSection
	GlobalSection(ExtensibilityGlobals) = postSolution
		SolutionGuid = {881F06FC-B567-4A71-95FB-8FE2106A3C54}
	EndGlobalSection
EndGlobal
